
Microsoft Visual Studio Solution File, Format Version 12.00
# Visual Studio Version 16
VisualStudioVersion = 16.0.31321.278
MinimumVisualStudioVersion = 10.0.40219.1
Project("{FAE04EC0-301F-11D3-BF4B-00C04F79EFBC}") = "laba2", "laba2\laba2.csproj", "{E475051E-BF47-4935-9732-1F3E71B9F47B}"
EndProject
Global
	GlobalSection(SolutionConfigurationPlatforms) = preSolution
		Debug|Any CPU = Debug|Any CPU
		Release|Any CPU = Release|Any CPU
	EndGlobalSection
	GlobalSection(ProjectConfigurationPlatforms) = postSolution
		{E475051E-BF47-4935-9732-1F3E71B9F47B}.Debug|Any CPU.ActiveCfg = Debug|Any CPU
		{E475051E-BF47-4935-9732-1F3E71B9F47B}.Debug|Any CPU.Build.0 = Debug|Any CPU
		{E475051E-BF47-4935-9732-1F3E71B9F47B}.Release|Any CPU.ActiveCfg = Release|Any CPU
		{E475051E-BF47-4935-9732-1F3E71B9F47B}.Release|Any CPU.Build.0 = Release|Any CPU
	EndGlobalSection
	GlobalSection(SolutionProperties) = preSolution
		HideSolutionNode = FALSE
	EndGlobalSection
	GlobalSection(ExtensibilityGlobals) = postSolution
		SolutionGuid = {3B4A6872-C5A6-448F-9475-A089AADE6383}
	EndGlobalSection
EndGlobal
